
Microsoft Visual Studio Solution File, Format Version 12.00
# Visual Studio Version 17
VisualStudioVersion = 17.6.33801.468
MinimumVisualStudioVersion = 10.0.40219.1
Project("{FAE04EC0-301F-11D3-BF4B-00C04F79EFBC}") = "Employez_salary", "Employez_salary\Employez_salary.csproj", "{DC5373FB-C189-4D94-97D3-9682D69FF433}"
EndProject
Project("{FAE04EC0-301F-11D3-BF4B-00C04F79EFBC}") = "calculator", "Icalculator\calculator.csproj", "{7EAD674B-A9E5-42C5-894A-C1881235D201}"
EndProject
Global
	GlobalSection(SolutionConfigurationPlatforms) = preSolution
		Debug|Any CPU = Debug|Any CPU
		Release|Any CPU = Release|Any CPU
	EndGlobalSection
	GlobalSection(ProjectConfigurationPlatforms) = postSolution
		{DC5373FB-C189-4D94-97D3-9682D69FF433}.Debug|Any CPU.ActiveCfg = Debug|Any CPU
		{DC5373FB-C189-4D94-97D3-9682D69FF433}.Debug|Any CPU.Build.0 = Debug|Any CPU
		{DC5373FB-C189-4D94-97D3-9682D69FF433}.Release|Any CPU.ActiveCfg = Release|Any CPU
		{DC5373FB-C189-4D94-97D3-9682D69FF433}.Release|Any CPU.Build.0 = Release|Any CPU
		{7EAD674B-A9E5-42C5-894A-C1881235D201}.Debug|Any CPU.ActiveCfg = Debug|Any CPU
		{7EAD674B-A9E5-42C5-894A-C1881235D201}.Debug|Any CPU.Build.0 = Debug|Any CPU
		{7EAD674B-A9E5-42C5-894A-C1881235D201}.Release|Any CPU.ActiveCfg = Release|Any CPU
		{7EAD674B-A9E5-42C5-894A-C1881235D201}.Release|Any CPU.Build.0 = Release|Any CPU
	EndGlobalSection
	GlobalSection(SolutionProperties) = preSolution
		HideSolutionNode = FALSE
	EndGlobalSection
	GlobalSection(ExtensibilityGlobals) = postSolution
		SolutionGuid = {10F4321C-36FB-4432-97E7-157526DBADF7}
	EndGlobalSection
EndGlobal
